
Microsoft Visual Studio Solution File, Format Version 12.00
# Visual Studio Version 16
VisualStudioVersion = 16.0.31613.86
MinimumVisualStudioVersion = 10.0.40219.1
Project("{FAE04EC0-301F-11D3-BF4B-00C04F79EFBC}") = "Week9_Project1", "Week9_Project_1\Week9_Project1.csproj", "{FA40FC96-43D7-4F74-99B1-C0E69A645DF4}"
EndProject
Project("{FAE04EC0-301F-11D3-BF4B-00C04F79EFBC}") = "Week9_Project2", "Week9_Project2\Week9_Project2.csproj", "{54FC0F9D-3594-4318-9AA1-C954C45FB844}"
EndProject
Global
	GlobalSection(SolutionConfigurationPlatforms) = preSolution
		Debug|Any CPU = Debug|Any CPU
		Release|Any CPU = Release|Any CPU
	EndGlobalSection
	GlobalSection(ProjectConfigurationPlatforms) = postSolution
		{FA40FC96-43D7-4F74-99B1-C0E69A645DF4}.Debug|Any CPU.ActiveCfg = Debug|Any CPU
		{FA40FC96-43D7-4F74-99B1-C0E69A645DF4}.Debug|Any CPU.Build.0 = Debug|Any CPU
		{FA40FC96-43D7-4F74-99B1-C0E69A645DF4}.Release|Any CPU.ActiveCfg = Release|Any CPU
		{FA40FC96-43D7-4F74-99B1-C0E69A645DF4}.Release|Any CPU.Build.0 = Release|Any CPU
		{54FC0F9D-3594-4318-9AA1-C954C45FB844}.Debug|Any CPU.ActiveCfg = Debug|Any CPU
		{54FC0F9D-3594-4318-9AA1-C954C45FB844}.Debug|Any CPU.Build.0 = Debug|Any CPU
		{54FC0F9D-3594-4318-9AA1-C954C45FB844}.Release|Any CPU.ActiveCfg = Release|Any CPU
		{54FC0F9D-3594-4318-9AA1-C954C45FB844}.Release|Any CPU.Build.0 = Release|Any CPU
	EndGlobalSection
	GlobalSection(SolutionProperties) = preSolution
		HideSolutionNode = FALSE
	EndGlobalSection
	GlobalSection(ExtensibilityGlobals) = postSolution
		SolutionGuid = {8EF63F48-B9C8-4F09-A7D6-AC7F8CA5368C}
	EndGlobalSection
EndGlobal
